
Microsoft Visual Studio Solution File, Format Version 12.00
# Visual Studio 2015
Project("{FAE04EC0-301F-11D3-BF4B-00C04F79EFBC}") = "TowerDefenseTimeParadox.CSharp", "TowerDefenseTimeParadox.CSharp.csproj", "{9529E717-A4D9-C6D3-4369-74438F0A2B90}"
EndProject
Project("{FAE04EC0-301F-11D3-BF4B-00C04F79EFBC}") = "TowerDefenseTimeParadox.CSharp.Editor", "TowerDefenseTimeParadox.CSharp.Editor.csproj", "{64BD9E27-0035-283E-6D25-3F607ADCAAAB}"
EndProject
Global
	GlobalSection(SolutionConfigurationPlatforms) = preSolution
		Debug|Any CPU = Debug|Any CPU
		Release|Any CPU = Release|Any CPU
	EndGlobalSection
	GlobalSection(ProjectConfigurationPlatforms) = postSolution
		{9529E717-A4D9-C6D3-4369-74438F0A2B90}.Debug|Any CPU.ActiveCfg = Debug|Any CPU
		{9529E717-A4D9-C6D3-4369-74438F0A2B90}.Debug|Any CPU.Build.0 = Debug|Any CPU
		{9529E717-A4D9-C6D3-4369-74438F0A2B90}.Release|Any CPU.ActiveCfg = Release|Any CPU
		{9529E717-A4D9-C6D3-4369-74438F0A2B90}.Release|Any CPU.Build.0 = Release|Any CPU
		{64BD9E27-0035-283E-6D25-3F607ADCAAAB}.Debug|Any CPU.ActiveCfg = Debug|Any CPU
		{64BD9E27-0035-283E-6D25-3F607ADCAAAB}.Debug|Any CPU.Build.0 = Debug|Any CPU
		{64BD9E27-0035-283E-6D25-3F607ADCAAAB}.Release|Any CPU.ActiveCfg = Release|Any CPU
		{64BD9E27-0035-283E-6D25-3F607ADCAAAB}.Release|Any CPU.Build.0 = Release|Any CPU
	EndGlobalSection
	GlobalSection(SolutionProperties) = preSolution
		HideSolutionNode = FALSE
	EndGlobalSection
EndGlobal
